
Microsoft Visual Studio Solution File, Format Version 12.00
# Visual Studio Version 16
VisualStudioVersion = 16.0.30413.136
MinimumVisualStudioVersion = 10.0.40219.1
Project("{9A19103F-16F7-4668-BE54-9A1E7A4F7556}") = "VikLearnsToCook", "VikLearnsToCook.csproj", "{1CE109C2-9E39-442B-8161-B0943849857B}"
EndProject
Project("{9A19103F-16F7-4668-BE54-9A1E7A4F7556}") = "VikLearnsToCook.Core", "..\VikLearnsToCook.Core\VikLearnsToCook.Core.csproj", "{613F1980-1A43-4033-97E2-E8BB643E489F}"
EndProject
Project("{9A19103F-16F7-4668-BE54-9A1E7A4F7556}") = "VikLearnsToCook.Data", "..\VikLearnsToCook.Data\VikLearnsToCook.Data.csproj", "{A013A033-9787-40A7-87D0-CD489FEA354B}"
EndProject
Global
	GlobalSection(SolutionConfigurationPlatforms) = preSolution
		Debug|Any CPU = Debug|Any CPU
		Release|Any CPU = Release|Any CPU
	EndGlobalSection
	GlobalSection(ProjectConfigurationPlatforms) = postSolution
		{1CE109C2-9E39-442B-8161-B0943849857B}.Debug|Any CPU.ActiveCfg = Debug|Any CPU
		{1CE109C2-9E39-442B-8161-B0943849857B}.Debug|Any CPU.Build.0 = Debug|Any CPU
		{1CE109C2-9E39-442B-8161-B0943849857B}.Release|Any CPU.ActiveCfg = Release|Any CPU
		{1CE109C2-9E39-442B-8161-B0943849857B}.Release|Any CPU.Build.0 = Release|Any CPU
		{613F1980-1A43-4033-97E2-E8BB643E489F}.Debug|Any CPU.ActiveCfg = Debug|Any CPU
		{613F1980-1A43-4033-97E2-E8BB643E489F}.Debug|Any CPU.Build.0 = Debug|Any CPU
		{613F1980-1A43-4033-97E2-E8BB643E489F}.Release|Any CPU.ActiveCfg = Release|Any CPU
		{613F1980-1A43-4033-97E2-E8BB643E489F}.Release|Any CPU.Build.0 = Release|Any CPU
		{A013A033-9787-40A7-87D0-CD489FEA354B}.Debug|Any CPU.ActiveCfg = Debug|Any CPU
		{A013A033-9787-40A7-87D0-CD489FEA354B}.Debug|Any CPU.Build.0 = Debug|Any CPU
		{A013A033-9787-40A7-87D0-CD489FEA354B}.Release|Any CPU.ActiveCfg = Release|Any CPU
		{A013A033-9787-40A7-87D0-CD489FEA354B}.Release|Any CPU.Build.0 = Release|Any CPU
	EndGlobalSection
	GlobalSection(SolutionProperties) = preSolution
		HideSolutionNode = FALSE
	EndGlobalSection
	GlobalSection(ExtensibilityGlobals) = postSolution
		SolutionGuid = {6BA07728-9F84-4673-BCEB-59318C916AF6}
	EndGlobalSection
EndGlobal
